
Microsoft Visual Studio Solution File, Format Version 12.00
# Visual Studio Version 17
VisualStudioVersion = 17.9.34723.18
MinimumVisualStudioVersion = 10.0.40219.1
Project("{FAE04EC0-301F-11D3-BF4B-00C04F79EFBC}") = "Proje_Hastane", "Proje_Hastane.csproj", "{EA347873-E7F8-4E7B-B59A-3E4D3F1A2492}"
EndProject
Global
	GlobalSection(SolutionConfigurationPlatforms) = preSolution
		Debug|Any CPU = Debug|Any CPU
		Release|Any CPU = Release|Any CPU
	EndGlobalSection
	GlobalSection(ProjectConfigurationPlatforms) = postSolution
		{EA347873-E7F8-4E7B-B59A-3E4D3F1A2492}.Debug|Any CPU.ActiveCfg = Debug|Any CPU
		{EA347873-E7F8-4E7B-B59A-3E4D3F1A2492}.Debug|Any CPU.Build.0 = Debug|Any CPU
		{EA347873-E7F8-4E7B-B59A-3E4D3F1A2492}.Release|Any CPU.ActiveCfg = Release|Any CPU
		{EA347873-E7F8-4E7B-B59A-3E4D3F1A2492}.Release|Any CPU.Build.0 = Release|Any CPU
	EndGlobalSection
	GlobalSection(SolutionProperties) = preSolution
		HideSolutionNode = FALSE
	EndGlobalSection
	GlobalSection(ExtensibilityGlobals) = postSolution
		SolutionGuid = {A80C5025-4280-4016-8781-8045D74D6DFB}
	EndGlobalSection
EndGlobal
